
Microsoft Visual Studio Solution File, Format Version 12.00
# Visual Studio Version 16
VisualStudioVersion = 16.0.31729.503
MinimumVisualStudioVersion = 10.0.40219.1
Project("{FAE04EC0-301F-11D3-BF4B-00C04F79EFBC}") = "UnitTestExample_D594XR", "UnitTestExample_D594XR\UnitTestExample_D594XR.csproj", "{2509CCB7-F822-492F-A65B-9F8B2879704B}"
EndProject
Global
	GlobalSection(SolutionConfigurationPlatforms) = preSolution
		Debug|Any CPU = Debug|Any CPU
		Release|Any CPU = Release|Any CPU
	EndGlobalSection
	GlobalSection(ProjectConfigurationPlatforms) = postSolution
		{2509CCB7-F822-492F-A65B-9F8B2879704B}.Debug|Any CPU.ActiveCfg = Debug|Any CPU
		{2509CCB7-F822-492F-A65B-9F8B2879704B}.Debug|Any CPU.Build.0 = Debug|Any CPU
		{2509CCB7-F822-492F-A65B-9F8B2879704B}.Release|Any CPU.ActiveCfg = Release|Any CPU
		{2509CCB7-F822-492F-A65B-9F8B2879704B}.Release|Any CPU.Build.0 = Release|Any CPU
	EndGlobalSection
	GlobalSection(SolutionProperties) = preSolution
		HideSolutionNode = FALSE
	EndGlobalSection
	GlobalSection(ExtensibilityGlobals) = postSolution
		SolutionGuid = {D37C0DAC-5EBA-4340-9052-0E26120FD3DE}
	EndGlobalSection
EndGlobal
